
Microsoft Visual Studio Solution File, Format Version 12.00
# Visual Studio Version 17
VisualStudioVersion = 17.0.31903.59
MinimumVisualStudioVersion = 10.0.40219.1
Project("{2150E333-8FDC-42A3-9474-1A3956D46DE8}") = "src", "src", "{A0CE4522-EA74-4914-9703-CC71ED5577C5}"
EndProject
Project("{FAE04EC0-301F-11D3-BF4B-00C04F79EFBC}") = "JurisControl.Domain", "src\JurisControl.Domain\JurisControl.Domain.csproj", "{3A6D69DD-9C8A-42FA-B55D-361764430FC9}"
EndProject
Project("{FAE04EC0-301F-11D3-BF4B-00C04F79EFBC}") = "JurisControl.Application", "src\JurisControl.Application\JurisControl.Application.csproj", "{391126F4-FF77-4194-AEFC-5FB2BC88F4C1}"
EndProject
Project("{FAE04EC0-301F-11D3-BF4B-00C04F79EFBC}") = "JurisControl.Data", "src\JurisControl.Data\JurisControl.Data.csproj", "{36D1A1B6-DEFF-42A2-AC5A-773CC3E79DF5}"
EndProject
Project("{FAE04EC0-301F-11D3-BF4B-00C04F79EFBC}") = "JurisControl.Web", "src\JurisControl.Web\JurisControl.Web.csproj", "{3F31C779-E646-4A12-8FED-5BCBFB5C9E57}"
EndProject
Project("{FAE04EC0-301F-11D3-BF4B-00C04F79EFBC}") = "JurisControl.Api", "src\JurisControl.Api\JurisControl.Api.csproj", "{7EED8F75-3018-4C32-9F03-A370D1791635}"
EndProject
Project("{FAE04EC0-301F-11D3-BF4B-00C04F79EFBC}") = "JurisControl.Jobs", "src\JurisControl.Jobs\JurisControl.Jobs.csproj", "{FD475D72-61B2-4526-8A3F-E0C29F1D4D2B}"
EndProject
Project("{2150E333-8FDC-42A3-9474-1A3956D46DE8}") = "tests", "tests", "{8090FBE2-FCF4-446A-A227-E9DABB913986}"
EndProject
Project("{FAE04EC0-301F-11D3-BF4B-00C04F79EFBC}") = "JurisControl.Domain.Tests", "tests\JurisControl.Domain.Tests\JurisControl.Domain.Tests.csproj", "{7A5F32CE-D5B8-4A38-9786-F5E80BD1D29B}"
EndProject
Project("{FAE04EC0-301F-11D3-BF4B-00C04F79EFBC}") = "JurisControl.Application.Tests", "tests\JurisControl.Application.Tests\JurisControl.Application.Tests.csproj", "{78EB4A66-9FF1-4107-83E6-D3203EB5C4C2}"
EndProject
Global
	GlobalSection(SolutionConfigurationPlatforms) = preSolution
		Debug|Any CPU = Debug|Any CPU
		Release|Any CPU = Release|Any CPU
	EndGlobalSection
	GlobalSection(SolutionProperties) = preSolution
		HideSolutionNode = FALSE
	EndGlobalSection
	GlobalSection(ProjectConfigurationPlatforms) = postSolution
		{3A6D69DD-9C8A-42FA-B55D-361764430FC9}.Debug|Any CPU.ActiveCfg = Debug|Any CPU
		{3A6D69DD-9C8A-42FA-B55D-361764430FC9}.Debug|Any CPU.Build.0 = Debug|Any CPU
		{3A6D69DD-9C8A-42FA-B55D-361764430FC9}.Release|Any CPU.ActiveCfg = Release|Any CPU
		{3A6D69DD-9C8A-42FA-B55D-361764430FC9}.Release|Any CPU.Build.0 = Release|Any CPU
		{391126F4-FF77-4194-AEFC-5FB2BC88F4C1}.Debug|Any CPU.ActiveCfg = Debug|Any CPU
		{391126F4-FF77-4194-AEFC-5FB2BC88F4C1}.Debug|Any CPU.Build.0 = Debug|Any CPU
		{391126F4-FF77-4194-AEFC-5FB2BC88F4C1}.Release|Any CPU.ActiveCfg = Release|Any CPU
		{391126F4-FF77-4194-AEFC-5FB2BC88F4C1}.Release|Any CPU.Build.0 = Release|Any CPU
		{36D1A1B6-DEFF-42A2-AC5A-773CC3E79DF5}.Debug|Any CPU.ActiveCfg = Debug|Any CPU
		{36D1A1B6-DEFF-42A2-AC5A-773CC3E79DF5}.Debug|Any CPU.Build.0 = Debug|Any CPU
		{36D1A1B6-DEFF-42A2-AC5A-773CC3E79DF5}.Release|Any CPU.ActiveCfg = Release|Any CPU
		{36D1A1B6-DEFF-42A2-AC5A-773CC3E79DF5}.Release|Any CPU.Build.0 = Release|Any CPU
		{3F31C779-E646-4A12-8FED-5BCBFB5C9E57}.Debug|Any CPU.ActiveCfg = Debug|Any CPU
		{3F31C779-E646-4A12-8FED-5BCBFB5C9E57}.Debug|Any CPU.Build.0 = Debug|Any CPU
		{3F31C779-E646-4A12-8FED-5BCBFB5C9E57}.Release|Any CPU.ActiveCfg = Release|Any CPU
		{3F31C779-E646-4A12-8FED-5BCBFB5C9E57}.Release|Any CPU.Build.0 = Release|Any CPU
		{7EED8F75-3018-4C32-9F03-A370D1791635}.Debug|Any CPU.ActiveCfg = Debug|Any CPU
		{7EED8F75-3018-4C32-9F03-A370D1791635}.Debug|Any CPU.Build.0 = Debug|Any CPU
		{7EED8F75-3018-4C32-9F03-A370D1791635}.Release|Any CPU.ActiveCfg = Release|Any CPU
		{7EED8F75-3018-4C32-9F03-A370D1791635}.Release|Any CPU.Build.0 = Release|Any CPU
		{FD475D72-61B2-4526-8A3F-E0C29F1D4D2B}.Debug|Any CPU.ActiveCfg = Debug|Any CPU
		{FD475D72-61B2-4526-8A3F-E0C29F1D4D2B}.Debug|Any CPU.Build.0 = Debug|Any CPU
		{FD475D72-61B2-4526-8A3F-E0C29F1D4D2B}.Release|Any CPU.ActiveCfg = Release|Any CPU
		{FD475D72-61B2-4526-8A3F-E0C29F1D4D2B}.Release|Any CPU.Build.0 = Release|Any CPU
		{7A5F32CE-D5B8-4A38-9786-F5E80BD1D29B}.Debug|Any CPU.ActiveCfg = Debug|Any CPU
		{7A5F32CE-D5B8-4A38-9786-F5E80BD1D29B}.Debug|Any CPU.Build.0 = Debug|Any CPU
		{7A5F32CE-D5B8-4A38-9786-F5E80BD1D29B}.Release|Any CPU.ActiveCfg = Release|Any CPU
		{7A5F32CE-D5B8-4A38-9786-F5E80BD1D29B}.Release|Any CPU.Build.0 = Release|Any CPU
		{78EB4A66-9FF1-4107-83E6-D3203EB5C4C2}.Debug|Any CPU.ActiveCfg = Debug|Any CPU
		{78EB4A66-9FF1-4107-83E6-D3203EB5C4C2}.Debug|Any CPU.Build.0 = Debug|Any CPU
		{78EB4A66-9FF1-4107-83E6-D3203EB5C4C2}.Release|Any CPU.ActiveCfg = Release|Any CPU
		{78EB4A66-9FF1-4107-83E6-D3203EB5C4C2}.Release|Any CPU.Build.0 = Release|Any CPU
	EndGlobalSection
	GlobalSection(NestedProjects) = preSolution
		{3A6D69DD-9C8A-42FA-B55D-361764430FC9} = {A0CE4522-EA74-4914-9703-CC71ED5577C5}
		{391126F4-FF77-4194-AEFC-5FB2BC88F4C1} = {A0CE4522-EA74-4914-9703-CC71ED5577C5}
		{36D1A1B6-DEFF-42A2-AC5A-773CC3E79DF5} = {A0CE4522-EA74-4914-9703-CC71ED5577C5}
		{3F31C779-E646-4A12-8FED-5BCBFB5C9E57} = {A0CE4522-EA74-4914-9703-CC71ED5577C5}
		{7EED8F75-3018-4C32-9F03-A370D1791635} = {A0CE4522-EA74-4914-9703-CC71ED5577C5}
		{FD475D72-61B2-4526-8A3F-E0C29F1D4D2B} = {A0CE4522-EA74-4914-9703-CC71ED5577C5}
		{7A5F32CE-D5B8-4A38-9786-F5E80BD1D29B} = {8090FBE2-FCF4-446A-A227-E9DABB913986}
		{78EB4A66-9FF1-4107-83E6-D3203EB5C4C2} = {8090FBE2-FCF4-446A-A227-E9DABB913986}
	EndGlobalSection
EndGlobal
